
Microsoft Visual Studio Solution File, Format Version 12.00
# Visual Studio Version 17
VisualStudioVersion = 17.3.32922.545
MinimumVisualStudioVersion = 10.0.40219.1
Project("{FAE04EC0-301F-11D3-BF4B-00C04F79EFBC}") = "StudentRegistrationSystem", "StudentRegistrationSystem\StudentRegistrationSystem.csproj", "{BC1D7E06-769B-4DA3-AE67-61CED09F24EC}"
EndProject
Project("{FAE04EC0-301F-11D3-BF4B-00C04F79EFBC}") = "ServicesLibrary", "SystemLibrary\ServicesLibrary.csproj", "{D795D746-94D4-420E-9A97-C5F0F84B8C2E}"
EndProject
Project("{FAE04EC0-301F-11D3-BF4B-00C04F79EFBC}") = "RepositoryLibrary", "RepositoryLibrary\RepositoryLibrary.csproj", "{D6DC5316-45FE-404F-BBE9-6DBCE749EC12}"
EndProject
Global
	GlobalSection(SolutionConfigurationPlatforms) = preSolution
		Debug|Any CPU = Debug|Any CPU
		Release|Any CPU = Release|Any CPU
	EndGlobalSection
	GlobalSection(ProjectConfigurationPlatforms) = postSolution
		{BC1D7E06-769B-4DA3-AE67-61CED09F24EC}.Debug|Any CPU.ActiveCfg = Debug|Any CPU
		{BC1D7E06-769B-4DA3-AE67-61CED09F24EC}.Debug|Any CPU.Build.0 = Debug|Any CPU
		{BC1D7E06-769B-4DA3-AE67-61CED09F24EC}.Release|Any CPU.ActiveCfg = Release|Any CPU
		{BC1D7E06-769B-4DA3-AE67-61CED09F24EC}.Release|Any CPU.Build.0 = Release|Any CPU
		{D795D746-94D4-420E-9A97-C5F0F84B8C2E}.Debug|Any CPU.ActiveCfg = Debug|Any CPU
		{D795D746-94D4-420E-9A97-C5F0F84B8C2E}.Debug|Any CPU.Build.0 = Debug|Any CPU
		{D795D746-94D4-420E-9A97-C5F0F84B8C2E}.Release|Any CPU.ActiveCfg = Release|Any CPU
		{D795D746-94D4-420E-9A97-C5F0F84B8C2E}.Release|Any CPU.Build.0 = Release|Any CPU
		{D6DC5316-45FE-404F-BBE9-6DBCE749EC12}.Debug|Any CPU.ActiveCfg = Debug|Any CPU
		{D6DC5316-45FE-404F-BBE9-6DBCE749EC12}.Debug|Any CPU.Build.0 = Debug|Any CPU
		{D6DC5316-45FE-404F-BBE9-6DBCE749EC12}.Release|Any CPU.ActiveCfg = Release|Any CPU
		{D6DC5316-45FE-404F-BBE9-6DBCE749EC12}.Release|Any CPU.Build.0 = Release|Any CPU
	EndGlobalSection
	GlobalSection(SolutionProperties) = preSolution
		HideSolutionNode = FALSE
	EndGlobalSection
	GlobalSection(ExtensibilityGlobals) = postSolution
		SolutionGuid = {AA85E3A1-1BBF-4495-BA5F-F4CBDF0094AD}
	EndGlobalSection
EndGlobal
